
Microsoft Visual Studio Solution File, Format Version 12.00
# Visual Studio Version 17
VisualStudioVersion = 17.2.32602.215
MinimumVisualStudioVersion = 10.0.40219.1
Project("{8BC9CEB8-8B4A-11D0-8D11-00A0C91BC942}") = "HelloCV", "HelloCV.vcxproj", "{D23BBE96-9C3B-4C77-A1DA-02E62B05DE97}"
EndProject
Global
	GlobalSection(SolutionConfigurationPlatforms) = preSolution
		Debug|x64 = Debug|x64
		Debug|x86 = Debug|x86
		Release|x64 = Release|x64
		Release|x86 = Release|x86
	EndGlobalSection
	GlobalSection(ProjectConfigurationPlatforms) = postSolution
		{D23BBE96-9C3B-4C77-A1DA-02E62B05DE97}.Debug|x64.ActiveCfg = Debug|x64
		{D23BBE96-9C3B-4C77-A1DA-02E62B05DE97}.Debug|x64.Build.0 = Debug|x64
		{D23BBE96-9C3B-4C77-A1DA-02E62B05DE97}.Debug|x86.ActiveCfg = Debug|Win32
		{D23BBE96-9C3B-4C77-A1DA-02E62B05DE97}.Debug|x86.Build.0 = Debug|Win32
		{D23BBE96-9C3B-4C77-A1DA-02E62B05DE97}.Release|x64.ActiveCfg = Release|x64
		{D23BBE96-9C3B-4C77-A1DA-02E62B05DE97}.Release|x64.Build.0 = Release|x64
		{D23BBE96-9C3B-4C77-A1DA-02E62B05DE97}.Release|x86.ActiveCfg = Release|Win32
		{D23BBE96-9C3B-4C77-A1DA-02E62B05DE97}.Release|x86.Build.0 = Release|Win32
	EndGlobalSection
	GlobalSection(SolutionProperties) = preSolution
		HideSolutionNode = FALSE
	EndGlobalSection
	GlobalSection(ExtensibilityGlobals) = postSolution
		SolutionGuid = {D99EE1AE-5E92-456C-895C-91F6CEDD9BA9}
	EndGlobalSection
EndGlobal
