
Microsoft Visual Studio Solution File, Format Version 12.00
# Visual Studio Version 17
VisualStudioVersion = 17.2.32602.215
MinimumVisualStudioVersion = 10.0.40219.1
Project("{8BC9CEB8-8B4A-11D0-8D11-00A0C91BC942}") = "document2", "document2.vcxproj", "{69844164-D16A-476C-8E09-75CCA45198D2}"
EndProject
Global
	GlobalSection(SolutionConfigurationPlatforms) = preSolution
		Debug|x64 = Debug|x64
		Debug|x86 = Debug|x86
		Release|x64 = Release|x64
		Release|x86 = Release|x86
	EndGlobalSection
	GlobalSection(ProjectConfigurationPlatforms) = postSolution
		{69844164-D16A-476C-8E09-75CCA45198D2}.Debug|x64.ActiveCfg = Debug|x64
		{69844164-D16A-476C-8E09-75CCA45198D2}.Debug|x64.Build.0 = Debug|x64
		{69844164-D16A-476C-8E09-75CCA45198D2}.Debug|x86.ActiveCfg = Debug|Win32
		{69844164-D16A-476C-8E09-75CCA45198D2}.Debug|x86.Build.0 = Debug|Win32
		{69844164-D16A-476C-8E09-75CCA45198D2}.Release|x64.ActiveCfg = Release|x64
		{69844164-D16A-476C-8E09-75CCA45198D2}.Release|x64.Build.0 = Release|x64
		{69844164-D16A-476C-8E09-75CCA45198D2}.Release|x86.ActiveCfg = Release|Win32
		{69844164-D16A-476C-8E09-75CCA45198D2}.Release|x86.Build.0 = Release|Win32
	EndGlobalSection
	GlobalSection(SolutionProperties) = preSolution
		HideSolutionNode = FALSE
	EndGlobalSection
	GlobalSection(ExtensibilityGlobals) = postSolution
		SolutionGuid = {9B2725D0-B22F-4B54-A23F-0B4C8B460147}
	EndGlobalSection
EndGlobal
